// !$*UTF8*$!
{
	archiveVersion = 1;
	classes = {
	};
	objectVersion = 56;
	objects = {

/* Begin PBXBuildFile section */
		C604234B2A926D5600CFBC3E /* shader.metal in Sources */ = {isa = PBXBuildFile; fileRef = C604234A2A926D5600CFBC3E /* shader.metal */; };
		C604234D2A92706B00CFBC3E /* shader.metallib in Resources */ = {isa = PBXBuildFile; fileRef = C604234C2A92706B00CFBC3E /* shader.metallib */; };
		C604234F2A92708300CFBC3E /* ShaderLib.swift in Sources */ = {isa = PBXBuildFile; fileRef = C604234E2A92708300CFBC3E /* ShaderLib.swift */; };
		C63EC8FC2A93C87A0093035E /* CubeGeometry.swift in Sources */ = {isa = PBXBuildFile; fileRef = C63EC8FB2A93C87A0093035E /* CubeGeometry.swift */; };
		C663D0D82A91E5F70012F673 /* PongMetalApp.swift in Sources */ = {isa = PBXBuildFile; fileRef = C663D0D72A91E5F70012F673 /* PongMetalApp.swift */; };
		C663D0DA2A91E5F70012F673 /* ContentView.swift in Sources */ = {isa = PBXBuildFile; fileRef = C663D0D92A91E5F70012F673 /* ContentView.swift */; };
		C663D0DC2A91E5F70012F673 /* Assets.xcassets in Resources */ = {isa = PBXBuildFile; fileRef = C663D0DB2A91E5F70012F673 /* Assets.xcassets */; };
		C663D0DF2A91E5F70012F673 /* Preview Assets.xcassets in Resources */ = {isa = PBXBuildFile; fileRef = C663D0DE2A91E5F70012F673 /* Preview Assets.xcassets */; };
		C663D0E92A91EA400012F673 /* Coordinator.swift in Sources */ = {isa = PBXBuildFile; fileRef = C663D0E82A91EA400012F673 /* Coordinator.swift */; };
		C699C7342A93CD07000740A7 /* MatrixUtil.swift in Sources */ = {isa = PBXBuildFile; fileRef = C699C7332A93CD07000740A7 /* MatrixUtil.swift */; };
		C699C7362A93CEC8000740A7 /* CameraBuffers.swift in Sources */ = {isa = PBXBuildFile; fileRef = C699C7352A93CEC8000740A7 /* CameraBuffers.swift */; };
		C6D381CA2A92AB1F00E9BBD9 /* RenderPipeline.swift in Sources */ = {isa = PBXBuildFile; fileRef = C6D381C92A92AB1F00E9BBD9 /* RenderPipeline.swift */; };
		C6D381CC2A92AEE000E9BBD9 /* Buffers.swift in Sources */ = {isa = PBXBuildFile; fileRef = C6D381CB2A92AEE000E9BBD9 /* Buffers.swift */; };
		C6D5ECC02A968C85008CE25A /* GeometryUtil.swift in Sources */ = {isa = PBXBuildFile; fileRef = C6D5ECBF2A968C85008CE25A /* GeometryUtil.swift */; };
		C6D5ECC22A968FF5008CE25A /* CylinderGeometry.swift in Sources */ = {isa = PBXBuildFile; fileRef = C6D5ECC12A968FF5008CE25A /* CylinderGeometry.swift */; };
		C6FA66F92A953D780063635B /* Paddle.swift in Sources */ = {isa = PBXBuildFile; fileRef = C6FA66F82A953D780063635B /* Paddle.swift */; };
		C6FA66FB2A954EDD0063635B /* Constants.swift in Sources */ = {isa = PBXBuildFile; fileRef = C6FA66FA2A954EDD0063635B /* Constants.swift */; };
		C6FA66FD2A9550720063635B /* Camera.swift in Sources */ = {isa = PBXBuildFile; fileRef = C6FA66FC2A9550720063635B /* Camera.swift */; };
		C6FA67012A9560B00063635B /* Ball.swift in Sources */ = {isa = PBXBuildFile; fileRef = C6FA67002A9560B00063635B /* Ball.swift */; };
/* End PBXBuildFile section */

/* Begin PBXFileReference section */
		C604234A2A926D5600CFBC3E /* shader.metal */ = {isa = PBXFileReference; lastKnownFileType = sourcecode.metal; path = shader.metal; sourceTree = "<group>"; };
		C604234C2A92706B00CFBC3E /* shader.metallib */ = {isa = PBXFileReference; lastKnownFileType = "archive.metal-library"; path = shader.metallib; sourceTree = "<group>"; };
		C604234E2A92708300CFBC3E /* ShaderLib.swift */ = {isa = PBXFileReference; lastKnownFileType = sourcecode.swift; path = ShaderLib.swift; sourceTree = "<group>"; };
		C63EC8FB2A93C87A0093035E /* CubeGeometry.swift */ = {isa = PBXFileReference; lastKnownFileType = sourcecode.swift; path = CubeGeometry.swift; sourceTree = "<group>"; };
		C663D0D42A91E5F70012F673 /* PongMetal.app */ = {isa = PBXFileReference; explicitFileType = wrapper.application; includeInIndex = 0; path = PongMetal.app; sourceTree = BUILT_PRODUCTS_DIR; };
		C663D0D72A91E5F70012F673 /* PongMetalApp.swift */ = {isa = PBXFileReference; lastKnownFileType = sourcecode.swift; path = PongMetalApp.swift; sourceTree = "<group>"; };
		C663D0D92A91E5F70012F673 /* ContentView.swift */ = {isa = PBXFileReference; lastKnownFileType = sourcecode.swift; path = ContentView.swift; sourceTree = "<group>"; };
		C663D0DB2A91E5F70012F673 /* Assets.xcassets */ = {isa = PBXFileReference; lastKnownFileType = folder.assetcatalog; path = Assets.xcassets; sourceTree = "<group>"; };
		C663D0DE2A91E5F70012F673 /* Preview Assets.xcassets */ = {isa = PBXFileReference; lastKnownFileType = folder.assetcatalog; path = "Preview Assets.xcassets"; sourceTree = "<group>"; };
		C663D0E02A91E5F70012F673 /* PongMetal.entitlements */ = {isa = PBXFileReference; lastKnownFileType = text.plist.entitlements; path = PongMetal.entitlements; sourceTree = "<group>"; };
		C663D0E82A91EA400012F673 /* Coordinator.swift */ = {isa = PBXFileReference; lastKnownFileType = sourcecode.swift; path = Coordinator.swift; sourceTree = "<group>"; };
		C699C7332A93CD07000740A7 /* MatrixUtil.swift */ = {isa = PBXFileReference; lastKnownFileType = sourcecode.swift; path = MatrixUtil.swift; sourceTree = "<group>"; };
		C699C7352A93CEC8000740A7 /* CameraBuffers.swift */ = {isa = PBXFileReference; lastKnownFileType = sourcecode.swift; path = CameraBuffers.swift; sourceTree = "<group>"; };
		C6D381C92A92AB1F00E9BBD9 /* RenderPipeline.swift */ = {isa = PBXFileReference; lastKnownFileType = sourcecode.swift; path = RenderPipeline.swift; sourceTree = "<group>"; };
		C6D381CB2A92AEE000E9BBD9 /* Buffers.swift */ = {isa = PBXFileReference; lastKnownFileType = sourcecode.swift; path = Buffers.swift; sourceTree = "<group>"; };
		C6D5ECBF2A968C85008CE25A /* GeometryUtil.swift */ = {isa = PBXFileReference; lastKnownFileType = sourcecode.swift; path = GeometryUtil.swift; sourceTree = "<group>"; };
		C6D5ECC12A968FF5008CE25A /* CylinderGeometry.swift */ = {isa = PBXFileReference; lastKnownFileType = sourcecode.swift; path = CylinderGeometry.swift; sourceTree = "<group>"; };
		C6FA66F82A953D780063635B /* Paddle.swift */ = {isa = PBXFileReference; lastKnownFileType = sourcecode.swift; path = Paddle.swift; sourceTree = "<group>"; };
		C6FA66FA2A954EDD0063635B /* Constants.swift */ = {isa = PBXFileReference; lastKnownFileType = sourcecode.swift; path = Constants.swift; sourceTree = "<group>"; };
		C6FA66FC2A9550720063635B /* Camera.swift */ = {isa = PBXFileReference; lastKnownFileType = sourcecode.swift; path = Camera.swift; sourceTree = "<group>"; };
		C6FA67002A9560B00063635B /* Ball.swift */ = {isa = PBXFileReference; lastKnownFileType = sourcecode.swift; path = Ball.swift; sourceTree = "<group>"; };
/* End PBXFileReference section */

/* Begin PBXFrameworksBuildPhase section */
		C663D0D12A91E5F70012F673 /* Frameworks */ = {
			isa = PBXFrameworksBuildPhase;
			buildActionMask = 2147483647;
			files = (
			);
			runOnlyForDeploymentPostprocessing = 0;
		};
/* End PBXFrameworksBuildPhase section */

/* Begin PBXGroup section */
		C663D0CB2A91E5F70012F673 = {
			isa = PBXGroup;
			children = (
				C663D0D62A91E5F70012F673 /* PongMetal */,
				C663D0D52A91E5F70012F673 /* Products */,
			);
			sourceTree = "<group>";
		};
		C663D0D52A91E5F70012F673 /* Products */ = {
			isa = PBXGroup;
			children = (
				C663D0D42A91E5F70012F673 /* PongMetal.app */,
			);
			name = Products;
			sourceTree = "<group>";
		};
		C663D0D62A91E5F70012F673 /* PongMetal */ = {
			isa = PBXGroup;
			children = (
				C6FA67002A9560B00063635B /* Ball.swift */,
				C6FA66FC2A9550720063635B /* Camera.swift */,
				C6FA66FA2A954EDD0063635B /* Constants.swift */,
				C604234C2A92706B00CFBC3E /* shader.metallib */,
				C604234A2A926D5600CFBC3E /* shader.metal */,
				C663D0D72A91E5F70012F673 /* PongMetalApp.swift */,
				C663D0D92A91E5F70012F673 /* ContentView.swift */,
				C663D0DB2A91E5F70012F673 /* Assets.xcassets */,
				C663D0E02A91E5F70012F673 /* PongMetal.entitlements */,
				C663D0DD2A91E5F70012F673 /* Preview Content */,
				C663D0E82A91EA400012F673 /* Coordinator.swift */,
				C604234E2A92708300CFBC3E /* ShaderLib.swift */,
				C6D381C92A92AB1F00E9BBD9 /* RenderPipeline.swift */,
				C6D381CB2A92AEE000E9BBD9 /* Buffers.swift */,
				C63EC8FB2A93C87A0093035E /* CubeGeometry.swift */,
				C699C7332A93CD07000740A7 /* MatrixUtil.swift */,
				C699C7352A93CEC8000740A7 /* CameraBuffers.swift */,
				C6FA66F82A953D780063635B /* Paddle.swift */,
				C6D5ECBF2A968C85008CE25A /* GeometryUtil.swift */,
				C6D5ECC12A968FF5008CE25A /* CylinderGeometry.swift */,
			);
			path = PongMetal;
			sourceTree = "<group>";
		};
		C663D0DD2A91E5F70012F673 /* Preview Content */ = {
			isa = PBXGroup;
			children = (
				C663D0DE2A91E5F70012F673 /* Preview Assets.xcassets */,
			);
			path = "Preview Content";
			sourceTree = "<group>";
		};
/* End PBXGroup section */

/* Begin PBXNativeTarget section */
		C663D0D32A91E5F70012F673 /* PongMetal */ = {
			isa = PBXNativeTarget;
			buildConfigurationList = C663D0E32A91E5F70012F673 /* Build configuration list for PBXNativeTarget "PongMetal" */;
			buildPhases = (
				C663D0D02A91E5F70012F673 /* Sources */,
				C663D0D12A91E5F70012F673 /* Frameworks */,
				C663D0D22A91E5F70012F673 /* Resources */,
			);
			buildRules = (
			);
			dependencies = (
			);
			name = PongMetal;
			productName = PongMetal;
			productReference = C663D0D42A91E5F70012F673 /* PongMetal.app */;
			productType = "com.apple.product-type.application";
		};
/* End PBXNativeTarget section */

/* Begin PBXProject section */
		C663D0CC2A91E5F70012F673 /* Project object */ = {
			isa = PBXProject;
			attributes = {
				BuildIndependentTargetsInParallel = 1;
				LastSwiftUpdateCheck = 1430;
				LastUpgradeCheck = 1430;
				TargetAttributes = {
					C663D0D32A91E5F70012F673 = {
						CreatedOnToolsVersion = 14.3.1;
					};
				};
			};
			buildConfigurationList = C663D0CF2A91E5F70012F673 /* Build configuration list for PBXProject "PongMetal" */;
			compatibilityVersion = "Xcode 14.0";
			developmentRegion = en;
			hasScannedForEncodings = 0;
			knownRegions = (
				en,
				Base,
			);
			mainGroup = C663D0CB2A91E5F70012F673;
			productRefGroup = C663D0D52A91E5F70012F673 /* Products */;
			projectDirPath = "";
			projectRoot = "";
			targets = (
				C663D0D32A91E5F70012F673 /* PongMetal */,
			);
		};
/* End PBXProject section */

/* Begin PBXResourcesBuildPhase section */
		C663D0D22A91E5F70012F673 /* Resources */ = {
			isa = PBXResourcesBuildPhase;
			buildActionMask = 2147483647;
			files = (
				C663D0DF2A91E5F70012F673 /* Preview Assets.xcassets in Resources */,
				C663D0DC2A91E5F70012F673 /* Assets.xcassets in Resources */,
				C604234D2A92706B00CFBC3E /* shader.metallib in Resources */,
			);
			runOnlyForDeploymentPostprocessing = 0;
		};
/* End PBXResourcesBuildPhase section */

/* Begin PBXSourcesBuildPhase section */
		C663D0D02A91E5F70012F673 /* Sources */ = {
			isa = PBXSourcesBuildPhase;
			buildActionMask = 2147483647;
			files = (
				C63EC8FC2A93C87A0093035E /* CubeGeometry.swift in Sources */,
				C6FA66F92A953D780063635B /* Paddle.swift in Sources */,
				C604234B2A926D5600CFBC3E /* shader.metal in Sources */,
				C699C7362A93CEC8000740A7 /* CameraBuffers.swift in Sources */,
				C663D0E92A91EA400012F673 /* Coordinator.swift in Sources */,
				C663D0DA2A91E5F70012F673 /* ContentView.swift in Sources */,
				C6D5ECC02A968C85008CE25A /* GeometryUtil.swift in Sources */,
				C6D381CA2A92AB1F00E9BBD9 /* RenderPipeline.swift in Sources */,
				C699C7342A93CD07000740A7 /* MatrixUtil.swift in Sources */,
				C604234F2A92708300CFBC3E /* ShaderLib.swift in Sources */,
				C6D381CC2A92AEE000E9BBD9 /* Buffers.swift in Sources */,
				C6FA66FD2A9550720063635B /* Camera.swift in Sources */,
				C6FA67012A9560B00063635B /* Ball.swift in Sources */,
				C663D0D82A91E5F70012F673 /* PongMetalApp.swift in Sources */,
				C6D5ECC22A968FF5008CE25A /* CylinderGeometry.swift in Sources */,
				C6FA66FB2A954EDD0063635B /* Constants.swift in Sources */,
			);
			runOnlyForDeploymentPostprocessing = 0;
		};
/* End PBXSourcesBuildPhase section */

/* Begin XCBuildConfiguration section */
		C663D0E12A91E5F70012F673 /* Debug */ = {
			isa = XCBuildConfiguration;
			buildSettings = {
				ALWAYS_SEARCH_USER_PATHS = NO;
				CLANG_ANALYZER_NONNULL = YES;
				CLANG_ANALYZER_NUMBER_OBJECT_CONVERSION = YES_AGGRESSIVE;
				CLANG_CXX_LANGUAGE_STANDARD = "gnu++20";
				CLANG_ENABLE_MODULES = YES;
				CLANG_ENABLE_OBJC_ARC = YES;
				CLANG_ENABLE_OBJC_WEAK = YES;
				CLANG_WARN_BLOCK_CAPTURE_AUTORELEASING = YES;
				CLANG_WARN_BOOL_CONVERSION = YES;
				CLANG_WARN_COMMA = YES;
				CLANG_WARN_CONSTANT_CONVERSION = YES;
				CLANG_WARN_DEPRECATED_OBJC_IMPLEMENTATIONS = YES;
				CLANG_WARN_DIRECT_OBJC_ISA_USAGE = YES_ERROR;
				CLANG_WARN_DOCUMENTATION_COMMENTS = YES;
				CLANG_WARN_EMPTY_BODY = YES;
				CLANG_WARN_ENUM_CONVERSION = YES;
				CLANG_WARN_INFINITE_RECURSION = YES;
				CLANG_WARN_INT_CONVERSION = YES;
				CLANG_WARN_NON_LITERAL_NULL_CONVERSION = YES;
				CLANG_WARN_OBJC_IMPLICIT_RETAIN_SELF = YES;
				CLANG_WARN_OBJC_LITERAL_CONVERSION = YES;
				CLANG_WARN_OBJC_ROOT_CLASS = YES_ERROR;
				CLANG_WARN_QUOTED_INCLUDE_IN_FRAMEWORK_HEADER = YES;
				CLANG_WARN_RANGE_LOOP_ANALYSIS = YES;
				CLANG_WARN_STRICT_PROTOTYPES = YES;
				CLANG_WARN_SUSPICIOUS_MOVE = YES;
				CLANG_WARN_UNGUARDED_AVAILABILITY = YES_AGGRESSIVE;
				CLANG_WARN_UNREACHABLE_CODE = YES;
				CLANG_WARN__DUPLICATE_METHOD_MATCH = YES;
				COPY_PHASE_STRIP = NO;
				DEBUG_INFORMATION_FORMAT = dwarf;
				ENABLE_STRICT_OBJC_MSGSEND = YES;
				ENABLE_TESTABILITY = YES;
				GCC_C_LANGUAGE_STANDARD = gnu11;
				GCC_DYNAMIC_NO_PIC = NO;
				GCC_NO_COMMON_BLOCKS = YES;
				GCC_OPTIMIZATION_LEVEL = 0;
				GCC_PREPROCESSOR_DEFINITIONS = (
					"DEBUG=1",
					"$(inherited)",
				);
				GCC_WARN_64_TO_32_BIT_CONVERSION = YES;
				GCC_WARN_ABOUT_RETURN_TYPE = YES_ERROR;
				GCC_WARN_UNDECLARED_SELECTOR = YES;
				GCC_WARN_UNINITIALIZED_AUTOS = YES_AGGRESSIVE;
				GCC_WARN_UNUSED_FUNCTION = YES;
				GCC_WARN_UNUSED_VARIABLE = YES;
				MACOSX_DEPLOYMENT_TARGET = 13.2;
				MTL_ENABLE_DEBUG_INFO = INCLUDE_SOURCE;
				MTL_FAST_MATH = YES;
				ONLY_ACTIVE_ARCH = YES;
				SDKROOT = macosx;
				SWIFT_ACTIVE_COMPILATION_CONDITIONS = DEBUG;
				SWIFT_OPTIMIZATION_LEVEL = "-Onone";
			};
			name = Debug;
		};
		C663D0E22A91E5F70012F673 /* Release */ = {
			isa = XCBuildConfiguration;
			buildSettings = {
				ALWAYS_SEARCH_USER_PATHS = NO;
				CLANG_ANALYZER_NONNULL = YES;
				CLANG_ANALYZER_NUMBER_OBJECT_CONVERSION = YES_AGGRESSIVE;
				CLANG_CXX_LANGUAGE_STANDARD = "gnu++20";
				CLANG_ENABLE_MODULES = YES;
				CLANG_ENABLE_OBJC_ARC = YES;
				CLANG_ENABLE_OBJC_WEAK = YES;
				CLANG_WARN_BLOCK_CAPTURE_AUTORELEASING = YES;
				CLANG_WARN_BOOL_CONVERSION = YES;
				CLANG_WARN_COMMA = YES;
				CLANG_WARN_CONSTANT_CONVERSION = YES;
				CLANG_WARN_DEPRECATED_OBJC_IMPLEMENTATIONS = YES;
				CLANG_WARN_DIRECT_OBJC_ISA_USAGE = YES_ERROR;
				CLANG_WARN_DOCUMENTATION_COMMENTS = YES;
				CLANG_WARN_EMPTY_BODY = YES;
				CLANG_WARN_ENUM_CONVERSION = YES;
				CLANG_WARN_INFINITE_RECURSION = YES;
				CLANG_WARN_INT_CONVERSION = YES;
				CLANG_WARN_NON_LITERAL_NULL_CONVERSION = YES;
				CLANG_WARN_OBJC_IMPLICIT_RETAIN_SELF = YES;
				CLANG_WARN_OBJC_LITERAL_CONVERSION = YES;
				CLANG_WARN_OBJC_ROOT_CLASS = YES_ERROR;
				CLANG_WARN_QUOTED_INCLUDE_IN_FRAMEWORK_HEADER = YES;
				CLANG_WARN_RANGE_LOOP_ANALYSIS = YES;
				CLANG_WARN_STRICT_PROTOTYPES = YES;
				CLANG_WARN_SUSPICIOUS_MOVE = YES;
				CLANG_WARN_UNGUARDED_AVAILABILITY = YES_AGGRESSIVE;
				CLANG_WARN_UNREACHABLE_CODE = YES;
				CLANG_WARN__DUPLICATE_METHOD_MATCH = YES;
				COPY_PHASE_STRIP = NO;
				DEBUG_INFORMATION_FORMAT = "dwarf-with-dsym";
				ENABLE_NS_ASSERTIONS = NO;
				ENABLE_STRICT_OBJC_MSGSEND = YES;
				GCC_C_LANGUAGE_STANDARD = gnu11;
				GCC_NO_COMMON_BLOCKS = YES;
				GCC_WARN_64_TO_32_BIT_CONVERSION = YES;
				GCC_WARN_ABOUT_RETURN_TYPE = YES_ERROR;
				GCC_WARN_UNDECLARED_SELECTOR = YES;
				GCC_WARN_UNINITIALIZED_AUTOS = YES_AGGRESSIVE;
				GCC_WARN_UNUSED_FUNCTION = YES;
				GCC_WARN_UNUSED_VARIABLE = YES;
				MACOSX_DEPLOYMENT_TARGET = 13.2;
				MTL_ENABLE_DEBUG_INFO = NO;
				MTL_FAST_MATH = YES;
				SDKROOT = macosx;
				SWIFT_COMPILATION_MODE = wholemodule;
				SWIFT_OPTIMIZATION_LEVEL = "-O";
			};
			name = Release;
		};
		C663D0E42A91E5F70012F673 /* Debug */ = {
			isa = XCBuildConfiguration;
			buildSettings = {
				ASSETCATALOG_COMPILER_APPICON_NAME = AppIcon;
				ASSETCATALOG_COMPILER_GLOBAL_ACCENT_COLOR_NAME = AccentColor;
				CODE_SIGN_ENTITLEMENTS = PongMetal/PongMetal.entitlements;
				CODE_SIGN_STYLE = Automatic;
				COMBINE_HIDPI_IMAGES = YES;
				CURRENT_PROJECT_VERSION = 1;
				DEVELOPMENT_ASSET_PATHS = "\"PongMetal/Preview Content\"";
				ENABLE_PREVIEWS = YES;
				GENERATE_INFOPLIST_FILE = YES;
				INFOPLIST_KEY_NSHumanReadableCopyright = "";
				LD_RUNPATH_SEARCH_PATHS = (
					"$(inherited)",
					"@executable_path/../Frameworks",
				);
				MARKETING_VERSION = 1.0;
				PRODUCT_BUNDLE_IDENTIFIER = lerkapic.PongMetal;
				PRODUCT_NAME = "$(TARGET_NAME)";
				SWIFT_EMIT_LOC_STRINGS = YES;
				SWIFT_VERSION = 5.0;
			};
			name = Debug;
		};
		C663D0E52A91E5F70012F673 /* Release */ = {
			isa = XCBuildConfiguration;
			buildSettings = {
				ASSETCATALOG_COMPILER_APPICON_NAME = AppIcon;
				ASSETCATALOG_COMPILER_GLOBAL_ACCENT_COLOR_NAME = AccentColor;
				CODE_SIGN_ENTITLEMENTS = PongMetal/PongMetal.entitlements;
				CODE_SIGN_STYLE = Automatic;
				COMBINE_HIDPI_IMAGES = YES;
				CURRENT_PROJECT_VERSION = 1;
				DEVELOPMENT_ASSET_PATHS = "\"PongMetal/Preview Content\"";
				ENABLE_PREVIEWS = YES;
				GENERATE_INFOPLIST_FILE = YES;
				INFOPLIST_KEY_NSHumanReadableCopyright = "";
				LD_RUNPATH_SEARCH_PATHS = (
					"$(inherited)",
					"@executable_path/../Frameworks",
				);
				MARKETING_VERSION = 1.0;
				PRODUCT_BUNDLE_IDENTIFIER = lerkapic.PongMetal;
				PRODUCT_NAME = "$(TARGET_NAME)";
				SWIFT_EMIT_LOC_STRINGS = YES;
				SWIFT_VERSION = 5.0;
			};
			name = Release;
		};
/* End XCBuildConfiguration section */

/* Begin XCConfigurationList section */
		C663D0CF2A91E5F70012F673 /* Build configuration list for PBXProject "PongMetal" */ = {
			isa = XCConfigurationList;
			buildConfigurations = (
				C663D0E12A91E5F70012F673 /* Debug */,
				C663D0E22A91E5F70012F673 /* Release */,
			);
			defaultConfigurationIsVisible = 0;
			defaultConfigurationName = Release;
		};
		C663D0E32A91E5F70012F673 /* Build configuration list for PBXNativeTarget "PongMetal" */ = {
			isa = XCConfigurationList;
			buildConfigurations = (
				C663D0E42A91E5F70012F673 /* Debug */,
				C663D0E52A91E5F70012F673 /* Release */,
			);
			defaultConfigurationIsVisible = 0;
			defaultConfigurationName = Release;
		};
/* End XCConfigurationList section */
	};
	rootObject = C663D0CC2A91E5F70012F673 /* Project object */;
}
